
Microsoft Visual Studio Solution File, Format Version 12.00
# Visual Studio 15
VisualStudioVersion = 15.0.27004.2010
MinimumVisualStudioVersion = 10.0.40219.1
Project("{FAE04EC0-301F-11D3-BF4B-00C04F79EFBC}") = "Intervals", "Intervals\Intervals.csproj", "{8C3458AA-2700-465C-BF22-7A08567C3090}"
EndProject
Project("{FAE04EC0-301F-11D3-BF4B-00C04F79EFBC}") = "Intervals.Tests", "Intervals.Tests\Intervals.Tests.csproj", "{BEA0420F-6283-4EE7-9238-B47224E0FADE}"
EndProject
Global
	GlobalSection(SolutionConfigurationPlatforms) = preSolution
		Debug|Any CPU = Debug|Any CPU
		Release|Any CPU = Release|Any CPU
	EndGlobalSection
	GlobalSection(ProjectConfigurationPlatforms) = postSolution
		{8C3458AA-2700-465C-BF22-7A08567C3090}.Debug|Any CPU.ActiveCfg = Debug|Any CPU
		{8C3458AA-2700-465C-BF22-7A08567C3090}.Debug|Any CPU.Build.0 = Debug|Any CPU
		{8C3458AA-2700-465C-BF22-7A08567C3090}.Release|Any CPU.ActiveCfg = Release|Any CPU
		{8C3458AA-2700-465C-BF22-7A08567C3090}.Release|Any CPU.Build.0 = Release|Any CPU
		{BEA0420F-6283-4EE7-9238-B47224E0FADE}.Debug|Any CPU.ActiveCfg = Debug|Any CPU
		{BEA0420F-6283-4EE7-9238-B47224E0FADE}.Debug|Any CPU.Build.0 = Debug|Any CPU
		{BEA0420F-6283-4EE7-9238-B47224E0FADE}.Release|Any CPU.ActiveCfg = Release|Any CPU
		{BEA0420F-6283-4EE7-9238-B47224E0FADE}.Release|Any CPU.Build.0 = Release|Any CPU
	EndGlobalSection
	GlobalSection(SolutionProperties) = preSolution
		HideSolutionNode = FALSE
	EndGlobalSection
	GlobalSection(ExtensibilityGlobals) = postSolution
		SolutionGuid = {890F56CB-AB74-4218-8312-0D112F624FAA}
	EndGlobalSection
EndGlobal
